{
  "pins" : [
    {
      "identity" : "spacexkit",
      "kind" : "remoteSourceControl",
      "location" : "https://github.com/alex-sarkisov/SpaceXKit.git",
      "state" : {
        "branch" : "main",
        "revision" : "2e490f3f5569b31137b91e6dffde1e4faa06225e"
      }
    }
  ],
  "version" : 2
}
