{
  "pins" : [
    {
      "identity" : "spacexkit",
      "kind" : "remoteSourceControl",
      "location" : "https://github.com/alex-sarkisov/SpaceXKit.git",
      "state" : {
        "revision" : "7036d2752eb77a1456d4d24a84a3aea82968d928",
        "version" : "1.0.0"
      }
    }
  ],
  "version" : 2
}
